
Microsoft Visual Studio Solution File, Format Version 12.00
# Visual Studio Version 16
VisualStudioVersion = 16.0.29123.88
MinimumVisualStudioVersion = 10.0.40219.1
Project("{FAE04EC0-301F-11D3-BF4B-00C04F79EFBC}") = "LibraryProject", "LibraryProject\LibraryProject.csproj", "{BEFE13C6-F920-469A-89F4-16AF311EB634}"
EndProject
Global
	GlobalSection(SolutionConfigurationPlatforms) = preSolution
		Debug|Any CPU = Debug|Any CPU
		Release|Any CPU = Release|Any CPU
	EndGlobalSection
	GlobalSection(ProjectConfigurationPlatforms) = postSolution
		{BEFE13C6-F920-469A-89F4-16AF311EB634}.Debug|Any CPU.ActiveCfg = Debug|Any CPU
		{BEFE13C6-F920-469A-89F4-16AF311EB634}.Debug|Any CPU.Build.0 = Debug|Any CPU
		{BEFE13C6-F920-469A-89F4-16AF311EB634}.Release|Any CPU.ActiveCfg = Release|Any CPU
		{BEFE13C6-F920-469A-89F4-16AF311EB634}.Release|Any CPU.Build.0 = Release|Any CPU
	EndGlobalSection
	GlobalSection(SolutionProperties) = preSolution
		HideSolutionNode = FALSE
	EndGlobalSection
	GlobalSection(ExtensibilityGlobals) = postSolution
		SolutionGuid = {1DE6456C-35AD-4DED-AE22-58E9F744DA41}
	EndGlobalSection
EndGlobal
